// !$*UTF8*$!
{
	archiveVersion = 1;
	classes = {
	};
	objectVersion = 55;
	objects = {

/* Begin PBXBuildFile section */
		7A52A9532C2ABC91004D3F62 /* Flower1.swift in Sources */ = {isa = PBXBuildFile; fileRef = 7A52A9522C2ABC91004D3F62 /* Flower1.swift */; };
		7A52A9552C2AC076004D3F62 /* Flower2.swift in Sources */ = {isa = PBXBuildFile; fileRef = 7A52A9542C2AC076004D3F62 /* Flower2.swift */; };
		7A52A9572C2AC2DD004D3F62 /* Flower1.sks in Resources */ = {isa = PBXBuildFile; fileRef = 7A52A9562C2AC2DD004D3F62 /* Flower1.sks */; };
		7A52A9592C2AC430004D3F62 /* Flower2.sks in Resources */ = {isa = PBXBuildFile; fileRef = 7A52A9582C2AC430004D3F62 /* Flower2.sks */; };
		7A52A95B2C2ACDC0004D3F62 /* Flower3.swift in Sources */ = {isa = PBXBuildFile; fileRef = 7A52A95A2C2ACDC0004D3F62 /* Flower3.swift */; };
		7A52A95D2C2ACDCE004D3F62 /* Flower3.sks in Resources */ = {isa = PBXBuildFile; fileRef = 7A52A95C2C2ACDCE004D3F62 /* Flower3.sks */; };
		7A52A95F2C2AD7C2004D3F62 /* Flower4.swift in Sources */ = {isa = PBXBuildFile; fileRef = 7A52A95E2C2AD7C2004D3F62 /* Flower4.swift */; };
		7A52A9612C2AD7E5004D3F62 /* Flower4.sks in Resources */ = {isa = PBXBuildFile; fileRef = 7A52A9602C2AD7E5004D3F62 /* Flower4.sks */; };
		7A52A9632C2ADEF2004D3F62 /* Runner.swift in Sources */ = {isa = PBXBuildFile; fileRef = 7A52A9622C2ADEF2004D3F62 /* Runner.swift */; };
		7A52A9652C2ADF66004D3F62 /* Runner.sks in Resources */ = {isa = PBXBuildFile; fileRef = 7A52A9642C2ADF66004D3F62 /* Runner.sks */; };
		FEBDB9FA27FF08DC00D89046 /* templateSpriteKitApp.swift in Sources */ = {isa = PBXBuildFile; fileRef = FEBDB9F927FF08DC00D89046 /* templateSpriteKitApp.swift */; };
		FEBDB9FC27FF08DC00D89046 /* ContentView.swift in Sources */ = {isa = PBXBuildFile; fileRef = FEBDB9FB27FF08DC00D89046 /* ContentView.swift */; };
		FEBDB9FE27FF08E200D89046 /* Assets.xcassets in Resources */ = {isa = PBXBuildFile; fileRef = FEBDB9FD27FF08E200D89046 /* Assets.xcassets */; };
		FEBDBA0127FF08E200D89046 /* Preview Assets.xcassets in Resources */ = {isa = PBXBuildFile; fileRef = FEBDBA0027FF08E200D89046 /* Preview Assets.xcassets */; };
		FEBDBA0A27FF0A5700D89046 /* GameScene.swift in Sources */ = {isa = PBXBuildFile; fileRef = FEBDBA0927FF0A5700D89046 /* GameScene.swift */; };
		FEBDBA0C27FF0A8F00D89046 /* GameScene.sks in Resources */ = {isa = PBXBuildFile; fileRef = FEBDBA0B27FF0A8F00D89046 /* GameScene.sks */; };
		FEBDBA0F27FF0B0C00D89046 /* sound.wav in Resources */ = {isa = PBXBuildFile; fileRef = FEBDBA0D27FF0B0C00D89046 /* sound.wav */; };
		FEBDBA1027FF0B0C00D89046 /* passi.wav in Resources */ = {isa = PBXBuildFile; fileRef = FEBDBA0E27FF0B0C00D89046 /* passi.wav */; };
/* End PBXBuildFile section */

/* Begin PBXFileReference section */
		7A52A9522C2ABC91004D3F62 /* Flower1.swift */ = {isa = PBXFileReference; lastKnownFileType = sourcecode.swift; path = Flower1.swift; sourceTree = "<group>"; };
		7A52A9542C2AC076004D3F62 /* Flower2.swift */ = {isa = PBXFileReference; lastKnownFileType = sourcecode.swift; path = Flower2.swift; sourceTree = "<group>"; };
		7A52A9562C2AC2DD004D3F62 /* Flower1.sks */ = {isa = PBXFileReference; lastKnownFileType = file.sks; path = Flower1.sks; sourceTree = "<group>"; };
		7A52A9582C2AC430004D3F62 /* Flower2.sks */ = {isa = PBXFileReference; lastKnownFileType = file.sks; path = Flower2.sks; sourceTree = "<group>"; };
		7A52A95A2C2ACDC0004D3F62 /* Flower3.swift */ = {isa = PBXFileReference; lastKnownFileType = sourcecode.swift; path = Flower3.swift; sourceTree = "<group>"; };
		7A52A95C2C2ACDCE004D3F62 /* Flower3.sks */ = {isa = PBXFileReference; lastKnownFileType = file.sks; path = Flower3.sks; sourceTree = "<group>"; };
		7A52A95E2C2AD7C2004D3F62 /* Flower4.swift */ = {isa = PBXFileReference; lastKnownFileType = sourcecode.swift; path = Flower4.swift; sourceTree = "<group>"; };
		7A52A9602C2AD7E5004D3F62 /* Flower4.sks */ = {isa = PBXFileReference; lastKnownFileType = file.sks; path = Flower4.sks; sourceTree = "<group>"; };
		7A52A9622C2ADEF2004D3F62 /* Runner.swift */ = {isa = PBXFileReference; lastKnownFileType = sourcecode.swift; path = Runner.swift; sourceTree = "<group>"; };
		7A52A9642C2ADF66004D3F62 /* Runner.sks */ = {isa = PBXFileReference; lastKnownFileType = file.sks; path = Runner.sks; sourceTree = "<group>"; };
		FEBDB9F627FF08DC00D89046 /* templateSpriteKit.app */ = {isa = PBXFileReference; explicitFileType = wrapper.application; includeInIndex = 0; path = templateSpriteKit.app; sourceTree = BUILT_PRODUCTS_DIR; };
		FEBDB9F927FF08DC00D89046 /* templateSpriteKitApp.swift */ = {isa = PBXFileReference; lastKnownFileType = sourcecode.swift; path = templateSpriteKitApp.swift; sourceTree = "<group>"; };
		FEBDB9FB27FF08DC00D89046 /* ContentView.swift */ = {isa = PBXFileReference; lastKnownFileType = sourcecode.swift; path = ContentView.swift; sourceTree = "<group>"; };
		FEBDB9FD27FF08E200D89046 /* Assets.xcassets */ = {isa = PBXFileReference; lastKnownFileType = folder.assetcatalog; path = Assets.xcassets; sourceTree = "<group>"; };
		FEBDBA0027FF08E200D89046 /* Preview Assets.xcassets */ = {isa = PBXFileReference; lastKnownFileType = folder.assetcatalog; path = "Preview Assets.xcassets"; sourceTree = "<group>"; };
		FEBDBA0927FF0A5700D89046 /* GameScene.swift */ = {isa = PBXFileReference; lastKnownFileType = sourcecode.swift; path = GameScene.swift; sourceTree = "<group>"; };
		FEBDBA0B27FF0A8F00D89046 /* GameScene.sks */ = {isa = PBXFileReference; lastKnownFileType = file.sks; path = GameScene.sks; sourceTree = "<group>"; };
		FEBDBA0D27FF0B0C00D89046 /* sound.wav */ = {isa = PBXFileReference; lastKnownFileType = audio.wav; path = sound.wav; sourceTree = "<group>"; };
		FEBDBA0E27FF0B0C00D89046 /* passi.wav */ = {isa = PBXFileReference; lastKnownFileType = audio.wav; path = passi.wav; sourceTree = "<group>"; };
/* End PBXFileReference section */

/* Begin PBXFrameworksBuildPhase section */
		FEBDB9F327FF08DC00D89046 /* Frameworks */ = {
			isa = PBXFrameworksBuildPhase;
			buildActionMask = 2147483647;
			files = (
			);
			runOnlyForDeploymentPostprocessing = 0;
		};
/* End PBXFrameworksBuildPhase section */

/* Begin PBXGroup section */
		FEBDB9ED27FF08DC00D89046 = {
			isa = PBXGroup;
			children = (
				FEBDB9F827FF08DC00D89046 /* templateSpriteKit */,
				FEBDB9F727FF08DC00D89046 /* Products */,
			);
			sourceTree = "<group>";
		};
		FEBDB9F727FF08DC00D89046 /* Products */ = {
			isa = PBXGroup;
			children = (
				FEBDB9F627FF08DC00D89046 /* templateSpriteKit.app */,
			);
			name = Products;
			sourceTree = "<group>";
		};
		FEBDB9F827FF08DC00D89046 /* templateSpriteKit */ = {
			isa = PBXGroup;
			children = (
				FEBDB9F927FF08DC00D89046 /* templateSpriteKitApp.swift */,
				FEBDB9FB27FF08DC00D89046 /* ContentView.swift */,
				FEBDB9FD27FF08E200D89046 /* Assets.xcassets */,
				FEBDBA0E27FF0B0C00D89046 /* passi.wav */,
				FEBDBA0D27FF0B0C00D89046 /* sound.wav */,
				FEBDB9FF27FF08E200D89046 /* Preview Content */,
				FEBDBA0927FF0A5700D89046 /* GameScene.swift */,
				FEBDBA0B27FF0A8F00D89046 /* GameScene.sks */,
				7A52A9522C2ABC91004D3F62 /* Flower1.swift */,
				7A52A9562C2AC2DD004D3F62 /* Flower1.sks */,
				7A52A9542C2AC076004D3F62 /* Flower2.swift */,
				7A52A9582C2AC430004D3F62 /* Flower2.sks */,
				7A52A95A2C2ACDC0004D3F62 /* Flower3.swift */,
				7A52A95C2C2ACDCE004D3F62 /* Flower3.sks */,
				7A52A95E2C2AD7C2004D3F62 /* Flower4.swift */,
				7A52A9602C2AD7E5004D3F62 /* Flower4.sks */,
				7A52A9622C2ADEF2004D3F62 /* Runner.swift */,
				7A52A9642C2ADF66004D3F62 /* Runner.sks */,
			);
			path = templateSpriteKit;
			sourceTree = "<group>";
		};
		FEBDB9FF27FF08E200D89046 /* Preview Content */ = {
			isa = PBXGroup;
			children = (
				FEBDBA0027FF08E200D89046 /* Preview Assets.xcassets */,
			);
			path = "Preview Content";
			sourceTree = "<group>";
		};
/* End PBXGroup section */

/* Begin PBXNativeTarget section */
		FEBDB9F527FF08DC00D89046 /* templateSpriteKit */ = {
			isa = PBXNativeTarget;
			buildConfigurationList = FEBDBA0427FF08E200D89046 /* Build configuration list for PBXNativeTarget "templateSpriteKit" */;
			buildPhases = (
				FEBDB9F227FF08DC00D89046 /* Sources */,
				FEBDB9F327FF08DC00D89046 /* Frameworks */,
				FEBDB9F427FF08DC00D89046 /* Resources */,
			);
			buildRules = (
			);
			dependencies = (
			);
			name = templateSpriteKit;
			productName = templateSpriteKit;
			productReference = FEBDB9F627FF08DC00D89046 /* templateSpriteKit.app */;
			productType = "com.apple.product-type.application";
		};
/* End PBXNativeTarget section */

/* Begin PBXProject section */
		FEBDB9EE27FF08DC00D89046 /* Project object */ = {
			isa = PBXProject;
			attributes = {
				BuildIndependentTargetsInParallel = 1;
				LastSwiftUpdateCheck = 1330;
				LastUpgradeCheck = 1330;
				TargetAttributes = {
					FEBDB9F527FF08DC00D89046 = {
						CreatedOnToolsVersion = 13.3;
					};
				};
			};
			buildConfigurationList = FEBDB9F127FF08DC00D89046 /* Build configuration list for PBXProject "templateSpriteKit" */;
			compatibilityVersion = "Xcode 13.0";
			developmentRegion = en;
			hasScannedForEncodings = 0;
			knownRegions = (
				en,
				Base,
			);
			mainGroup = FEBDB9ED27FF08DC00D89046;
			productRefGroup = FEBDB9F727FF08DC00D89046 /* Products */;
			projectDirPath = "";
			projectRoot = "";
			targets = (
				FEBDB9F527FF08DC00D89046 /* templateSpriteKit */,
			);
		};
/* End PBXProject section */

/* Begin PBXResourcesBuildPhase section */
		FEBDB9F427FF08DC00D89046 /* Resources */ = {
			isa = PBXResourcesBuildPhase;
			buildActionMask = 2147483647;
			files = (
				7A52A9592C2AC430004D3F62 /* Flower2.sks in Resources */,
				7A52A9652C2ADF66004D3F62 /* Runner.sks in Resources */,
				FEBDBA1027FF0B0C00D89046 /* passi.wav in Resources */,
				FEBDBA0127FF08E200D89046 /* Preview Assets.xcassets in Resources */,
				7A52A9572C2AC2DD004D3F62 /* Flower1.sks in Resources */,
				7A52A95D2C2ACDCE004D3F62 /* Flower3.sks in Resources */,
				7A52A9612C2AD7E5004D3F62 /* Flower4.sks in Resources */,
				FEBDBA0C27FF0A8F00D89046 /* GameScene.sks in Resources */,
				FEBDBA0F27FF0B0C00D89046 /* sound.wav in Resources */,
				FEBDB9FE27FF08E200D89046 /* Assets.xcassets in Resources */,
			);
			runOnlyForDeploymentPostprocessing = 0;
		};
/* End PBXResourcesBuildPhase section */

/* Begin PBXSourcesBuildPhase section */
		FEBDB9F227FF08DC00D89046 /* Sources */ = {
			isa = PBXSourcesBuildPhase;
			buildActionMask = 2147483647;
			files = (
				7A52A95B2C2ACDC0004D3F62 /* Flower3.swift in Sources */,
				7A52A9632C2ADEF2004D3F62 /* Runner.swift in Sources */,
				7A52A95F2C2AD7C2004D3F62 /* Flower4.swift in Sources */,
				7A52A9532C2ABC91004D3F62 /* Flower1.swift in Sources */,
				FEBDBA0A27FF0A5700D89046 /* GameScene.swift in Sources */,
				FEBDB9FC27FF08DC00D89046 /* ContentView.swift in Sources */,
				7A52A9552C2AC076004D3F62 /* Flower2.swift in Sources */,
				FEBDB9FA27FF08DC00D89046 /* templateSpriteKitApp.swift in Sources */,
			);
			runOnlyForDeploymentPostprocessing = 0;
		};
/* End PBXSourcesBuildPhase section */

/* Begin XCBuildConfiguration section */
		FEBDBA0227FF08E200D89046 /* Debug */ = {
			isa = XCBuildConfiguration;
			buildSettings = {
				ALWAYS_SEARCH_USER_PATHS = NO;
				CLANG_ANALYZER_NONNULL = YES;
				CLANG_ANALYZER_NUMBER_OBJECT_CONVERSION = YES_AGGRESSIVE;
				CLANG_CXX_LANGUAGE_STANDARD = "gnu++17";
				CLANG_ENABLE_MODULES = YES;
				CLANG_ENABLE_OBJC_ARC = YES;
				CLANG_ENABLE_OBJC_WEAK = YES;
				CLANG_WARN_BLOCK_CAPTURE_AUTORELEASING = YES;
				CLANG_WARN_BOOL_CONVERSION = YES;
				CLANG_WARN_COMMA = YES;
				CLANG_WARN_CONSTANT_CONVERSION = YES;
				CLANG_WARN_DEPRECATED_OBJC_IMPLEMENTATIONS = YES;
				CLANG_WARN_DIRECT_OBJC_ISA_USAGE = YES_ERROR;
				CLANG_WARN_DOCUMENTATION_COMMENTS = YES;
				CLANG_WARN_EMPTY_BODY = YES;
				CLANG_WARN_ENUM_CONVERSION = YES;
				CLANG_WARN_INFINITE_RECURSION = YES;
				CLANG_WARN_INT_CONVERSION = YES;
				CLANG_WARN_NON_LITERAL_NULL_CONVERSION = YES;
				CLANG_WARN_OBJC_IMPLICIT_RETAIN_SELF = YES;
				CLANG_WARN_OBJC_LITERAL_CONVERSION = YES;
				CLANG_WARN_OBJC_ROOT_CLASS = YES_ERROR;
				CLANG_WARN_QUOTED_INCLUDE_IN_FRAMEWORK_HEADER = YES;
				CLANG_WARN_RANGE_LOOP_ANALYSIS = YES;
				CLANG_WARN_STRICT_PROTOTYPES = YES;
				CLANG_WARN_SUSPICIOUS_MOVE = YES;
				CLANG_WARN_UNGUARDED_AVAILABILITY = YES_AGGRESSIVE;
				CLANG_WARN_UNREACHABLE_CODE = YES;
				CLANG_WARN__DUPLICATE_METHOD_MATCH = YES;
				COPY_PHASE_STRIP = NO;
				DEBUG_INFORMATION_FORMAT = dwarf;
				ENABLE_STRICT_OBJC_MSGSEND = YES;
				ENABLE_TESTABILITY = YES;
				GCC_C_LANGUAGE_STANDARD = gnu11;
				GCC_DYNAMIC_NO_PIC = NO;
				GCC_NO_COMMON_BLOCKS = YES;
				GCC_OPTIMIZATION_LEVEL = 0;
				GCC_PREPROCESSOR_DEFINITIONS = (
					"DEBUG=1",
					"$(inherited)",
				);
				GCC_WARN_64_TO_32_BIT_CONVERSION = YES;
				GCC_WARN_ABOUT_RETURN_TYPE = YES_ERROR;
				GCC_WARN_UNDECLARED_SELECTOR = YES;
				GCC_WARN_UNINITIALIZED_AUTOS = YES_AGGRESSIVE;
				GCC_WARN_UNUSED_FUNCTION = YES;
				GCC_WARN_UNUSED_VARIABLE = YES;
				IPHONEOS_DEPLOYMENT_TARGET = 15.4;
				MTL_ENABLE_DEBUG_INFO = INCLUDE_SOURCE;
				MTL_FAST_MATH = YES;
				ONLY_ACTIVE_ARCH = YES;
				SDKROOT = iphoneos;
				SWIFT_ACTIVE_COMPILATION_CONDITIONS = DEBUG;
				SWIFT_OPTIMIZATION_LEVEL = "-Onone";
			};
			name = Debug;
		};
		FEBDBA0327FF08E200D89046 /* Release */ = {
			isa = XCBuildConfiguration;
			buildSettings = {
				ALWAYS_SEARCH_USER_PATHS = NO;
				CLANG_ANALYZER_NONNULL = YES;
				CLANG_ANALYZER_NUMBER_OBJECT_CONVERSION = YES_AGGRESSIVE;
				CLANG_CXX_LANGUAGE_STANDARD = "gnu++17";
				CLANG_ENABLE_MODULES = YES;
				CLANG_ENABLE_OBJC_ARC = YES;
				CLANG_ENABLE_OBJC_WEAK = YES;
				CLANG_WARN_BLOCK_CAPTURE_AUTORELEASING = YES;
				CLANG_WARN_BOOL_CONVERSION = YES;
				CLANG_WARN_COMMA = YES;
				CLANG_WARN_CONSTANT_CONVERSION = YES;
				CLANG_WARN_DEPRECATED_OBJC_IMPLEMENTATIONS = YES;
				CLANG_WARN_DIRECT_OBJC_ISA_USAGE = YES_ERROR;
				CLANG_WARN_DOCUMENTATION_COMMENTS = YES;
				CLANG_WARN_EMPTY_BODY = YES;
				CLANG_WARN_ENUM_CONVERSION = YES;
				CLANG_WARN_INFINITE_RECURSION = YES;
				CLANG_WARN_INT_CONVERSION = YES;
				CLANG_WARN_NON_LITERAL_NULL_CONVERSION = YES;
				CLANG_WARN_OBJC_IMPLICIT_RETAIN_SELF = YES;
				CLANG_WARN_OBJC_LITERAL_CONVERSION = YES;
				CLANG_WARN_OBJC_ROOT_CLASS = YES_ERROR;
				CLANG_WARN_QUOTED_INCLUDE_IN_FRAMEWORK_HEADER = YES;
				CLANG_WARN_RANGE_LOOP_ANALYSIS = YES;
				CLANG_WARN_STRICT_PROTOTYPES = YES;
				CLANG_WARN_SUSPICIOUS_MOVE = YES;
				CLANG_WARN_UNGUARDED_AVAILABILITY = YES_AGGRESSIVE;
				CLANG_WARN_UNREACHABLE_CODE = YES;
				CLANG_WARN__DUPLICATE_METHOD_MATCH = YES;
				COPY_PHASE_STRIP = NO;
				DEBUG_INFORMATION_FORMAT = "dwarf-with-dsym";
				ENABLE_NS_ASSERTIONS = NO;
				ENABLE_STRICT_OBJC_MSGSEND = YES;
				GCC_C_LANGUAGE_STANDARD = gnu11;
				GCC_NO_COMMON_BLOCKS = YES;
				GCC_WARN_64_TO_32_BIT_CONVERSION = YES;
				GCC_WARN_ABOUT_RETURN_TYPE = YES_ERROR;
				GCC_WARN_UNDECLARED_SELECTOR = YES;
				GCC_WARN_UNINITIALIZED_AUTOS = YES_AGGRESSIVE;
				GCC_WARN_UNUSED_FUNCTION = YES;
				GCC_WARN_UNUSED_VARIABLE = YES;
				IPHONEOS_DEPLOYMENT_TARGET = 15.4;
				MTL_ENABLE_DEBUG_INFO = NO;
				MTL_FAST_MATH = YES;
				SDKROOT = iphoneos;
				SWIFT_COMPILATION_MODE = wholemodule;
				SWIFT_OPTIMIZATION_LEVEL = "-O";
				VALIDATE_PRODUCT = YES;
			};
			name = Release;
		};
		FEBDBA0527FF08E200D89046 /* Debug */ = {
			isa = XCBuildConfiguration;
			buildSettings = {
				ASSETCATALOG_COMPILER_APPICON_NAME = AppIcon;
				ASSETCATALOG_COMPILER_GLOBAL_ACCENT_COLOR_NAME = AccentColor;
				CODE_SIGN_STYLE = Automatic;
				CURRENT_PROJECT_VERSION = 1;
				DEVELOPMENT_ASSET_PATHS = "\"templateSpriteKit/Preview Content\"";
				DEVELOPMENT_TEAM = 3WNGN5C5XS;
				ENABLE_PREVIEWS = YES;
				GENERATE_INFOPLIST_FILE = YES;
				INFOPLIST_KEY_UIApplicationSceneManifest_Generation = YES;
				INFOPLIST_KEY_UIApplicationSupportsIndirectInputEvents = YES;
				INFOPLIST_KEY_UILaunchScreen_Generation = YES;
				INFOPLIST_KEY_UISupportedInterfaceOrientations_iPad = "UIInterfaceOrientationPortrait UIInterfaceOrientationPortraitUpsideDown UIInterfaceOrientationLandscapeLeft UIInterfaceOrientationLandscapeRight";
				INFOPLIST_KEY_UISupportedInterfaceOrientations_iPhone = "UIInterfaceOrientationPortrait UIInterfaceOrientationLandscapeLeft UIInterfaceOrientationLandscapeRight";
				LD_RUNPATH_SEARCH_PATHS = (
					"$(inherited)",
					"@executable_path/Frameworks",
				);
				MARKETING_VERSION = 1.0;
				PRODUCT_BUNDLE_IDENTIFIER = it.Parthenope.templateSpriteKit;
				PRODUCT_NAME = "$(TARGET_NAME)";
				SWIFT_EMIT_LOC_STRINGS = YES;
				SWIFT_VERSION = 5.0;
				TARGETED_DEVICE_FAMILY = "1,2";
			};
			name = Debug;
		};
		FEBDBA0627FF08E200D89046 /* Release */ = {
			isa = XCBuildConfiguration;
			buildSettings = {
				ASSETCATALOG_COMPILER_APPICON_NAME = AppIcon;
				ASSETCATALOG_COMPILER_GLOBAL_ACCENT_COLOR_NAME = AccentColor;
				CODE_SIGN_STYLE = Automatic;
				CURRENT_PROJECT_VERSION = 1;
				DEVELOPMENT_ASSET_PATHS = "\"templateSpriteKit/Preview Content\"";
				DEVELOPMENT_TEAM = 3WNGN5C5XS;
				ENABLE_PREVIEWS = YES;
				GENERATE_INFOPLIST_FILE = YES;
				INFOPLIST_KEY_UIApplicationSceneManifest_Generation = YES;
				INFOPLIST_KEY_UIApplicationSupportsIndirectInputEvents = YES;
				INFOPLIST_KEY_UILaunchScreen_Generation = YES;
				INFOPLIST_KEY_UISupportedInterfaceOrientations_iPad = "UIInterfaceOrientationPortrait UIInterfaceOrientationPortraitUpsideDown UIInterfaceOrientationLandscapeLeft UIInterfaceOrientationLandscapeRight";
				INFOPLIST_KEY_UISupportedInterfaceOrientations_iPhone = "UIInterfaceOrientationPortrait UIInterfaceOrientationLandscapeLeft UIInterfaceOrientationLandscapeRight";
				LD_RUNPATH_SEARCH_PATHS = (
					"$(inherited)",
					"@executable_path/Frameworks",
				);
				MARKETING_VERSION = 1.0;
				PRODUCT_BUNDLE_IDENTIFIER = it.Parthenope.templateSpriteKit;
				PRODUCT_NAME = "$(TARGET_NAME)";
				SWIFT_EMIT_LOC_STRINGS = YES;
				SWIFT_VERSION = 5.0;
				TARGETED_DEVICE_FAMILY = "1,2";
			};
			name = Release;
		};
/* End XCBuildConfiguration section */

/* Begin XCConfigurationList section */
		FEBDB9F127FF08DC00D89046 /* Build configuration list for PBXProject "templateSpriteKit" */ = {
			isa = XCConfigurationList;
			buildConfigurations = (
				FEBDBA0227FF08E200D89046 /* Debug */,
				FEBDBA0327FF08E200D89046 /* Release */,
			);
			defaultConfigurationIsVisible = 0;
			defaultConfigurationName = Release;
		};
		FEBDBA0427FF08E200D89046 /* Build configuration list for PBXNativeTarget "templateSpriteKit" */ = {
			isa = XCConfigurationList;
			buildConfigurations = (
				FEBDBA0527FF08E200D89046 /* Debug */,
				FEBDBA0627FF08E200D89046 /* Release */,
			);
			defaultConfigurationIsVisible = 0;
			defaultConfigurationName = Release;
		};
/* End XCConfigurationList section */
	};
	rootObject = FEBDB9EE27FF08DC00D89046 /* Project object */;
}
