// !$*UTF8*$!
{
	archiveVersion = 1;
	classes = {
	};
	objectVersion = 56;
	objects = {

/* Begin PBXBuildFile section */
		7A0C470B2C2C0041006F0AA3 /* Flower6.swift in Sources */ = {isa = PBXBuildFile; fileRef = 7A0C470A2C2C0041006F0AA3 /* Flower6.swift */; };
		7A0C470D2C2C005B006F0AA3 /* Flower6.sks in Resources */ = {isa = PBXBuildFile; fileRef = 7A0C470C2C2C005B006F0AA3 /* Flower6.sks */; };
		7A1920292C2B9134005C7709 /* SpriteKit_ExercisesApp.swift in Sources */ = {isa = PBXBuildFile; fileRef = 7A1920282C2B9134005C7709 /* SpriteKit_ExercisesApp.swift */; };
		7A19202B2C2B9134005C7709 /* ContentView.swift in Sources */ = {isa = PBXBuildFile; fileRef = 7A19202A2C2B9134005C7709 /* ContentView.swift */; };
		7A19202D2C2B9135005C7709 /* Assets.xcassets in Resources */ = {isa = PBXBuildFile; fileRef = 7A19202C2C2B9135005C7709 /* Assets.xcassets */; };
		7A1920302C2B9135005C7709 /* Preview Assets.xcassets in Resources */ = {isa = PBXBuildFile; fileRef = 7A19202F2C2B9135005C7709 /* Preview Assets.xcassets */; };
		7A1920372C2B917C005C7709 /* GameScene.swift in Sources */ = {isa = PBXBuildFile; fileRef = 7A1920362C2B917C005C7709 /* GameScene.swift */; };
		7A1920392C2B9186005C7709 /* GameScene.sks in Resources */ = {isa = PBXBuildFile; fileRef = 7A1920382C2B9186005C7709 /* GameScene.sks */; };
		7A19203B2C2B92EF005C7709 /* Flower1.swift in Sources */ = {isa = PBXBuildFile; fileRef = 7A19203A2C2B92EF005C7709 /* Flower1.swift */; };
		7A19203D2C2B9304005C7709 /* Flower1.sks in Resources */ = {isa = PBXBuildFile; fileRef = 7A19203C2C2B9304005C7709 /* Flower1.sks */; };
		7A19203F2C2B93CD005C7709 /* Flower2.swift in Sources */ = {isa = PBXBuildFile; fileRef = 7A19203E2C2B93CD005C7709 /* Flower2.swift */; };
		7A1920412C2B93DC005C7709 /* Flower2.sks in Resources */ = {isa = PBXBuildFile; fileRef = 7A1920402C2B93DC005C7709 /* Flower2.sks */; };
		7A1920432C2B943A005C7709 /* Flower3.swift in Sources */ = {isa = PBXBuildFile; fileRef = 7A1920422C2B943A005C7709 /* Flower3.swift */; };
		7A1920452C2B9444005C7709 /* Flower3.sks in Resources */ = {isa = PBXBuildFile; fileRef = 7A1920442C2B9444005C7709 /* Flower3.sks */; };
		7A1920472C2B94D3005C7709 /* Flower4.swift in Sources */ = {isa = PBXBuildFile; fileRef = 7A1920462C2B94D3005C7709 /* Flower4.swift */; };
		7A1920492C2B94DF005C7709 /* Flower4.sks in Resources */ = {isa = PBXBuildFile; fileRef = 7A1920482C2B94DF005C7709 /* Flower4.sks */; };
		7A19204B2C2B95F9005C7709 /* Flower5.swift in Sources */ = {isa = PBXBuildFile; fileRef = 7A19204A2C2B95F9005C7709 /* Flower5.swift */; };
		7A19204D2C2B9605005C7709 /* Flower5.sks in Resources */ = {isa = PBXBuildFile; fileRef = 7A19204C2C2B9605005C7709 /* Flower5.sks */; };
		7A19204F2C2B968A005C7709 /* Runner.swift in Sources */ = {isa = PBXBuildFile; fileRef = 7A19204E2C2B968A005C7709 /* Runner.swift */; };
		7A1920512C2B96A4005C7709 /* Runner.sks in Resources */ = {isa = PBXBuildFile; fileRef = 7A1920502C2B96A4005C7709 /* Runner.sks */; };
		7A1920532C2B97CF005C7709 /* passi.wav in Resources */ = {isa = PBXBuildFile; fileRef = 7A1920522C2B97CF005C7709 /* passi.wav */; };
		7A1920552C2B97E3005C7709 /* sound.wav in Resources */ = {isa = PBXBuildFile; fileRef = 7A1920542C2B97E3005C7709 /* sound.wav */; };
/* End PBXBuildFile section */

/* Begin PBXFileReference section */
		7A0C470A2C2C0041006F0AA3 /* Flower6.swift */ = {isa = PBXFileReference; lastKnownFileType = sourcecode.swift; path = Flower6.swift; sourceTree = "<group>"; };
		7A0C470C2C2C005B006F0AA3 /* Flower6.sks */ = {isa = PBXFileReference; lastKnownFileType = file.sks; path = Flower6.sks; sourceTree = "<group>"; };
		7A1920252C2B9134005C7709 /* SpriteKit Exercises.app */ = {isa = PBXFileReference; explicitFileType = wrapper.application; includeInIndex = 0; path = "SpriteKit Exercises.app"; sourceTree = BUILT_PRODUCTS_DIR; };
		7A1920282C2B9134005C7709 /* SpriteKit_ExercisesApp.swift */ = {isa = PBXFileReference; lastKnownFileType = sourcecode.swift; path = SpriteKit_ExercisesApp.swift; sourceTree = "<group>"; };
		7A19202A2C2B9134005C7709 /* ContentView.swift */ = {isa = PBXFileReference; lastKnownFileType = sourcecode.swift; path = ContentView.swift; sourceTree = "<group>"; };
		7A19202C2C2B9135005C7709 /* Assets.xcassets */ = {isa = PBXFileReference; lastKnownFileType = folder.assetcatalog; path = Assets.xcassets; sourceTree = "<group>"; };
		7A19202F2C2B9135005C7709 /* Preview Assets.xcassets */ = {isa = PBXFileReference; lastKnownFileType = folder.assetcatalog; path = "Preview Assets.xcassets"; sourceTree = "<group>"; };
		7A1920362C2B917C005C7709 /* GameScene.swift */ = {isa = PBXFileReference; lastKnownFileType = sourcecode.swift; path = GameScene.swift; sourceTree = "<group>"; };
		7A1920382C2B9186005C7709 /* GameScene.sks */ = {isa = PBXFileReference; lastKnownFileType = file.sks; path = GameScene.sks; sourceTree = "<group>"; };
		7A19203A2C2B92EF005C7709 /* Flower1.swift */ = {isa = PBXFileReference; lastKnownFileType = sourcecode.swift; path = Flower1.swift; sourceTree = "<group>"; };
		7A19203C2C2B9304005C7709 /* Flower1.sks */ = {isa = PBXFileReference; lastKnownFileType = file.sks; path = Flower1.sks; sourceTree = "<group>"; };
		7A19203E2C2B93CD005C7709 /* Flower2.swift */ = {isa = PBXFileReference; lastKnownFileType = sourcecode.swift; path = Flower2.swift; sourceTree = "<group>"; };
		7A1920402C2B93DC005C7709 /* Flower2.sks */ = {isa = PBXFileReference; lastKnownFileType = file.sks; path = Flower2.sks; sourceTree = "<group>"; };
		7A1920422C2B943A005C7709 /* Flower3.swift */ = {isa = PBXFileReference; lastKnownFileType = sourcecode.swift; path = Flower3.swift; sourceTree = "<group>"; };
		7A1920442C2B9444005C7709 /* Flower3.sks */ = {isa = PBXFileReference; lastKnownFileType = file.sks; path = Flower3.sks; sourceTree = "<group>"; };
		7A1920462C2B94D3005C7709 /* Flower4.swift */ = {isa = PBXFileReference; lastKnownFileType = sourcecode.swift; path = Flower4.swift; sourceTree = "<group>"; };
		7A1920482C2B94DF005C7709 /* Flower4.sks */ = {isa = PBXFileReference; lastKnownFileType = file.sks; path = Flower4.sks; sourceTree = "<group>"; };
		7A19204A2C2B95F9005C7709 /* Flower5.swift */ = {isa = PBXFileReference; lastKnownFileType = sourcecode.swift; path = Flower5.swift; sourceTree = "<group>"; };
		7A19204C2C2B9605005C7709 /* Flower5.sks */ = {isa = PBXFileReference; lastKnownFileType = file.sks; path = Flower5.sks; sourceTree = "<group>"; };
		7A19204E2C2B968A005C7709 /* Runner.swift */ = {isa = PBXFileReference; lastKnownFileType = sourcecode.swift; path = Runner.swift; sourceTree = "<group>"; };
		7A1920502C2B96A4005C7709 /* Runner.sks */ = {isa = PBXFileReference; lastKnownFileType = file.sks; path = Runner.sks; sourceTree = "<group>"; };
		7A1920522C2B97CF005C7709 /* passi.wav */ = {isa = PBXFileReference; lastKnownFileType = audio.wav; path = passi.wav; sourceTree = "<group>"; };
		7A1920542C2B97E3005C7709 /* sound.wav */ = {isa = PBXFileReference; lastKnownFileType = audio.wav; path = sound.wav; sourceTree = "<group>"; };
/* End PBXFileReference section */

/* Begin PBXFrameworksBuildPhase section */
		7A1920222C2B9134005C7709 /* Frameworks */ = {
			isa = PBXFrameworksBuildPhase;
			buildActionMask = 2147483647;
			files = (
			);
			runOnlyForDeploymentPostprocessing = 0;
		};
/* End PBXFrameworksBuildPhase section */

/* Begin PBXGroup section */
		7A19201C2C2B9134005C7709 = {
			isa = PBXGroup;
			children = (
				7A1920272C2B9134005C7709 /* SpriteKit Exercises */,
				7A1920262C2B9134005C7709 /* Products */,
			);
			sourceTree = "<group>";
		};
		7A1920262C2B9134005C7709 /* Products */ = {
			isa = PBXGroup;
			children = (
				7A1920252C2B9134005C7709 /* SpriteKit Exercises.app */,
			);
			name = Products;
			sourceTree = "<group>";
		};
		7A1920272C2B9134005C7709 /* SpriteKit Exercises */ = {
			isa = PBXGroup;
			children = (
				7A1920282C2B9134005C7709 /* SpriteKit_ExercisesApp.swift */,
				7A19202A2C2B9134005C7709 /* ContentView.swift */,
				7A19202C2C2B9135005C7709 /* Assets.xcassets */,
				7A1920522C2B97CF005C7709 /* passi.wav */,
				7A1920542C2B97E3005C7709 /* sound.wav */,
				7A1920362C2B917C005C7709 /* GameScene.swift */,
				7A1920382C2B9186005C7709 /* GameScene.sks */,
				7A19203A2C2B92EF005C7709 /* Flower1.swift */,
				7A19203C2C2B9304005C7709 /* Flower1.sks */,
				7A19203E2C2B93CD005C7709 /* Flower2.swift */,
				7A1920402C2B93DC005C7709 /* Flower2.sks */,
				7A1920422C2B943A005C7709 /* Flower3.swift */,
				7A1920442C2B9444005C7709 /* Flower3.sks */,
				7A1920462C2B94D3005C7709 /* Flower4.swift */,
				7A1920482C2B94DF005C7709 /* Flower4.sks */,
				7A19204A2C2B95F9005C7709 /* Flower5.swift */,
				7A19204C2C2B9605005C7709 /* Flower5.sks */,
				7A0C470A2C2C0041006F0AA3 /* Flower6.swift */,
				7A0C470C2C2C005B006F0AA3 /* Flower6.sks */,
				7A19204E2C2B968A005C7709 /* Runner.swift */,
				7A1920502C2B96A4005C7709 /* Runner.sks */,
				7A19202E2C2B9135005C7709 /* Preview Content */,
			);
			path = "SpriteKit Exercises";
			sourceTree = "<group>";
		};
		7A19202E2C2B9135005C7709 /* Preview Content */ = {
			isa = PBXGroup;
			children = (
				7A19202F2C2B9135005C7709 /* Preview Assets.xcassets */,
			);
			path = "Preview Content";
			sourceTree = "<group>";
		};
/* End PBXGroup section */

/* Begin PBXNativeTarget section */
		7A1920242C2B9134005C7709 /* SpriteKit Exercises */ = {
			isa = PBXNativeTarget;
			buildConfigurationList = 7A1920332C2B9135005C7709 /* Build configuration list for PBXNativeTarget "SpriteKit Exercises" */;
			buildPhases = (
				7A1920212C2B9134005C7709 /* Sources */,
				7A1920222C2B9134005C7709 /* Frameworks */,
				7A1920232C2B9134005C7709 /* Resources */,
			);
			buildRules = (
			);
			dependencies = (
			);
			name = "SpriteKit Exercises";
			productName = "SpriteKit Exercises";
			productReference = 7A1920252C2B9134005C7709 /* SpriteKit Exercises.app */;
			productType = "com.apple.product-type.application";
		};
/* End PBXNativeTarget section */

/* Begin PBXProject section */
		7A19201D2C2B9134005C7709 /* Project object */ = {
			isa = PBXProject;
			attributes = {
				BuildIndependentTargetsInParallel = 1;
				LastSwiftUpdateCheck = 1540;
				LastUpgradeCheck = 1540;
				TargetAttributes = {
					7A1920242C2B9134005C7709 = {
						CreatedOnToolsVersion = 15.4;
					};
				};
			};
			buildConfigurationList = 7A1920202C2B9134005C7709 /* Build configuration list for PBXProject "SpriteKit Exercises" */;
			compatibilityVersion = "Xcode 14.0";
			developmentRegion = en;
			hasScannedForEncodings = 0;
			knownRegions = (
				en,
				Base,
			);
			mainGroup = 7A19201C2C2B9134005C7709;
			productRefGroup = 7A1920262C2B9134005C7709 /* Products */;
			projectDirPath = "";
			projectRoot = "";
			targets = (
				7A1920242C2B9134005C7709 /* SpriteKit Exercises */,
			);
		};
/* End PBXProject section */

/* Begin PBXResourcesBuildPhase section */
		7A1920232C2B9134005C7709 /* Resources */ = {
			isa = PBXResourcesBuildPhase;
			buildActionMask = 2147483647;
			files = (
				7A1920512C2B96A4005C7709 /* Runner.sks in Resources */,
				7A1920302C2B9135005C7709 /* Preview Assets.xcassets in Resources */,
				7A1920392C2B9186005C7709 /* GameScene.sks in Resources */,
				7A1920452C2B9444005C7709 /* Flower3.sks in Resources */,
				7A1920412C2B93DC005C7709 /* Flower2.sks in Resources */,
				7A1920532C2B97CF005C7709 /* passi.wav in Resources */,
				7A19203D2C2B9304005C7709 /* Flower1.sks in Resources */,
				7A1920552C2B97E3005C7709 /* sound.wav in Resources */,
				7A19202D2C2B9135005C7709 /* Assets.xcassets in Resources */,
				7A19204D2C2B9605005C7709 /* Flower5.sks in Resources */,
				7A1920492C2B94DF005C7709 /* Flower4.sks in Resources */,
				7A0C470D2C2C005B006F0AA3 /* Flower6.sks in Resources */,
			);
			runOnlyForDeploymentPostprocessing = 0;
		};
/* End PBXResourcesBuildPhase section */

/* Begin PBXSourcesBuildPhase section */
		7A1920212C2B9134005C7709 /* Sources */ = {
			isa = PBXSourcesBuildPhase;
			buildActionMask = 2147483647;
			files = (
				7A1920432C2B943A005C7709 /* Flower3.swift in Sources */,
				7A1920472C2B94D3005C7709 /* Flower4.swift in Sources */,
				7A19203B2C2B92EF005C7709 /* Flower1.swift in Sources */,
				7A0C470B2C2C0041006F0AA3 /* Flower6.swift in Sources */,
				7A19204F2C2B968A005C7709 /* Runner.swift in Sources */,
				7A1920372C2B917C005C7709 /* GameScene.swift in Sources */,
				7A19204B2C2B95F9005C7709 /* Flower5.swift in Sources */,
				7A19202B2C2B9134005C7709 /* ContentView.swift in Sources */,
				7A19203F2C2B93CD005C7709 /* Flower2.swift in Sources */,
				7A1920292C2B9134005C7709 /* SpriteKit_ExercisesApp.swift in Sources */,
			);
			runOnlyForDeploymentPostprocessing = 0;
		};
/* End PBXSourcesBuildPhase section */

/* Begin XCBuildConfiguration section */
		7A1920312C2B9135005C7709 /* Debug */ = {
			isa = XCBuildConfiguration;
			buildSettings = {
				ALWAYS_SEARCH_USER_PATHS = NO;
				ASSETCATALOG_COMPILER_GENERATE_SWIFT_ASSET_SYMBOL_EXTENSIONS = YES;
				CLANG_ANALYZER_NONNULL = YES;
				CLANG_ANALYZER_NUMBER_OBJECT_CONVERSION = YES_AGGRESSIVE;
				CLANG_CXX_LANGUAGE_STANDARD = "gnu++20";
				CLANG_ENABLE_MODULES = YES;
				CLANG_ENABLE_OBJC_ARC = YES;
				CLANG_ENABLE_OBJC_WEAK = YES;
				CLANG_WARN_BLOCK_CAPTURE_AUTORELEASING = YES;
				CLANG_WARN_BOOL_CONVERSION = YES;
				CLANG_WARN_COMMA = YES;
				CLANG_WARN_CONSTANT_CONVERSION = YES;
				CLANG_WARN_DEPRECATED_OBJC_IMPLEMENTATIONS = YES;
				CLANG_WARN_DIRECT_OBJC_ISA_USAGE = YES_ERROR;
				CLANG_WARN_DOCUMENTATION_COMMENTS = YES;
				CLANG_WARN_EMPTY_BODY = YES;
				CLANG_WARN_ENUM_CONVERSION = YES;
				CLANG_WARN_INFINITE_RECURSION = YES;
				CLANG_WARN_INT_CONVERSION = YES;
				CLANG_WARN_NON_LITERAL_NULL_CONVERSION = YES;
				CLANG_WARN_OBJC_IMPLICIT_RETAIN_SELF = YES;
				CLANG_WARN_OBJC_LITERAL_CONVERSION = YES;
				CLANG_WARN_OBJC_ROOT_CLASS = YES_ERROR;
				CLANG_WARN_QUOTED_INCLUDE_IN_FRAMEWORK_HEADER = YES;
				CLANG_WARN_RANGE_LOOP_ANALYSIS = YES;
				CLANG_WARN_STRICT_PROTOTYPES = YES;
				CLANG_WARN_SUSPICIOUS_MOVE = YES;
				CLANG_WARN_UNGUARDED_AVAILABILITY = YES_AGGRESSIVE;
				CLANG_WARN_UNREACHABLE_CODE = YES;
				CLANG_WARN__DUPLICATE_METHOD_MATCH = YES;
				COPY_PHASE_STRIP = NO;
				DEBUG_INFORMATION_FORMAT = dwarf;
				ENABLE_STRICT_OBJC_MSGSEND = YES;
				ENABLE_TESTABILITY = YES;
				ENABLE_USER_SCRIPT_SANDBOXING = YES;
				GCC_C_LANGUAGE_STANDARD = gnu17;
				GCC_DYNAMIC_NO_PIC = NO;
				GCC_NO_COMMON_BLOCKS = YES;
				GCC_OPTIMIZATION_LEVEL = 0;
				GCC_PREPROCESSOR_DEFINITIONS = (
					"DEBUG=1",
					"$(inherited)",
				);
				GCC_WARN_64_TO_32_BIT_CONVERSION = YES;
				GCC_WARN_ABOUT_RETURN_TYPE = YES_ERROR;
				GCC_WARN_UNDECLARED_SELECTOR = YES;
				GCC_WARN_UNINITIALIZED_AUTOS = YES_AGGRESSIVE;
				GCC_WARN_UNUSED_FUNCTION = YES;
				GCC_WARN_UNUSED_VARIABLE = YES;
				IPHONEOS_DEPLOYMENT_TARGET = 17.5;
				LOCALIZATION_PREFERS_STRING_CATALOGS = YES;
				MTL_ENABLE_DEBUG_INFO = INCLUDE_SOURCE;
				MTL_FAST_MATH = YES;
				ONLY_ACTIVE_ARCH = YES;
				SDKROOT = iphoneos;
				SWIFT_ACTIVE_COMPILATION_CONDITIONS = "DEBUG $(inherited)";
				SWIFT_OPTIMIZATION_LEVEL = "-Onone";
			};
			name = Debug;
		};
		7A1920322C2B9135005C7709 /* Release */ = {
			isa = XCBuildConfiguration;
			buildSettings = {
				ALWAYS_SEARCH_USER_PATHS = NO;
				ASSETCATALOG_COMPILER_GENERATE_SWIFT_ASSET_SYMBOL_EXTENSIONS = YES;
				CLANG_ANALYZER_NONNULL = YES;
				CLANG_ANALYZER_NUMBER_OBJECT_CONVERSION = YES_AGGRESSIVE;
				CLANG_CXX_LANGUAGE_STANDARD = "gnu++20";
				CLANG_ENABLE_MODULES = YES;
				CLANG_ENABLE_OBJC_ARC = YES;
				CLANG_ENABLE_OBJC_WEAK = YES;
				CLANG_WARN_BLOCK_CAPTURE_AUTORELEASING = YES;
				CLANG_WARN_BOOL_CONVERSION = YES;
				CLANG_WARN_COMMA = YES;
				CLANG_WARN_CONSTANT_CONVERSION = YES;
				CLANG_WARN_DEPRECATED_OBJC_IMPLEMENTATIONS = YES;
				CLANG_WARN_DIRECT_OBJC_ISA_USAGE = YES_ERROR;
				CLANG_WARN_DOCUMENTATION_COMMENTS = YES;
				CLANG_WARN_EMPTY_BODY = YES;
				CLANG_WARN_ENUM_CONVERSION = YES;
				CLANG_WARN_INFINITE_RECURSION = YES;
				CLANG_WARN_INT_CONVERSION = YES;
				CLANG_WARN_NON_LITERAL_NULL_CONVERSION = YES;
				CLANG_WARN_OBJC_IMPLICIT_RETAIN_SELF = YES;
				CLANG_WARN_OBJC_LITERAL_CONVERSION = YES;
				CLANG_WARN_OBJC_ROOT_CLASS = YES_ERROR;
				CLANG_WARN_QUOTED_INCLUDE_IN_FRAMEWORK_HEADER = YES;
				CLANG_WARN_RANGE_LOOP_ANALYSIS = YES;
				CLANG_WARN_STRICT_PROTOTYPES = YES;
				CLANG_WARN_SUSPICIOUS_MOVE = YES;
				CLANG_WARN_UNGUARDED_AVAILABILITY = YES_AGGRESSIVE;
				CLANG_WARN_UNREACHABLE_CODE = YES;
				CLANG_WARN__DUPLICATE_METHOD_MATCH = YES;
				COPY_PHASE_STRIP = NO;
				DEBUG_INFORMATION_FORMAT = "dwarf-with-dsym";
				ENABLE_NS_ASSERTIONS = NO;
				ENABLE_STRICT_OBJC_MSGSEND = YES;
				ENABLE_USER_SCRIPT_SANDBOXING = YES;
				GCC_C_LANGUAGE_STANDARD = gnu17;
				GCC_NO_COMMON_BLOCKS = YES;
				GCC_WARN_64_TO_32_BIT_CONVERSION = YES;
				GCC_WARN_ABOUT_RETURN_TYPE = YES_ERROR;
				GCC_WARN_UNDECLARED_SELECTOR = YES;
				GCC_WARN_UNINITIALIZED_AUTOS = YES_AGGRESSIVE;
				GCC_WARN_UNUSED_FUNCTION = YES;
				GCC_WARN_UNUSED_VARIABLE = YES;
				IPHONEOS_DEPLOYMENT_TARGET = 17.5;
				LOCALIZATION_PREFERS_STRING_CATALOGS = YES;
				MTL_ENABLE_DEBUG_INFO = NO;
				MTL_FAST_MATH = YES;
				SDKROOT = iphoneos;
				SWIFT_COMPILATION_MODE = wholemodule;
				VALIDATE_PRODUCT = YES;
			};
			name = Release;
		};
		7A1920342C2B9135005C7709 /* Debug */ = {
			isa = XCBuildConfiguration;
			buildSettings = {
				ASSETCATALOG_COMPILER_APPICON_NAME = AppIcon;
				ASSETCATALOG_COMPILER_GLOBAL_ACCENT_COLOR_NAME = AccentColor;
				CODE_SIGN_STYLE = Automatic;
				CURRENT_PROJECT_VERSION = 1;
				DEVELOPMENT_ASSET_PATHS = "\"SpriteKit Exercises/Preview Content\"";
				DEVELOPMENT_TEAM = 3WNGN5C5XS;
				ENABLE_PREVIEWS = YES;
				GENERATE_INFOPLIST_FILE = YES;
				INFOPLIST_KEY_UIApplicationSceneManifest_Generation = YES;
				INFOPLIST_KEY_UIApplicationSupportsIndirectInputEvents = YES;
				INFOPLIST_KEY_UILaunchScreen_Generation = YES;
				INFOPLIST_KEY_UISupportedInterfaceOrientations_iPad = "UIInterfaceOrientationPortrait UIInterfaceOrientationPortraitUpsideDown UIInterfaceOrientationLandscapeLeft UIInterfaceOrientationLandscapeRight";
				INFOPLIST_KEY_UISupportedInterfaceOrientations_iPhone = "UIInterfaceOrientationPortrait UIInterfaceOrientationLandscapeLeft UIInterfaceOrientationLandscapeRight";
				LD_RUNPATH_SEARCH_PATHS = (
					"$(inherited)",
					"@executable_path/Frameworks",
				);
				MARKETING_VERSION = 1.0;
				PRODUCT_BUNDLE_IDENTIFIER = it.Fede.templateSpriteKit;
				PRODUCT_NAME = "$(TARGET_NAME)";
				SWIFT_EMIT_LOC_STRINGS = YES;
				SWIFT_VERSION = 5.0;
				TARGETED_DEVICE_FAMILY = "1,2";
			};
			name = Debug;
		};
		7A1920352C2B9135005C7709 /* Release */ = {
			isa = XCBuildConfiguration;
			buildSettings = {
				ASSETCATALOG_COMPILER_APPICON_NAME = AppIcon;
				ASSETCATALOG_COMPILER_GLOBAL_ACCENT_COLOR_NAME = AccentColor;
				CODE_SIGN_STYLE = Automatic;
				CURRENT_PROJECT_VERSION = 1;
				DEVELOPMENT_ASSET_PATHS = "\"SpriteKit Exercises/Preview Content\"";
				DEVELOPMENT_TEAM = 3WNGN5C5XS;
				ENABLE_PREVIEWS = YES;
				GENERATE_INFOPLIST_FILE = YES;
				INFOPLIST_KEY_UIApplicationSceneManifest_Generation = YES;
				INFOPLIST_KEY_UIApplicationSupportsIndirectInputEvents = YES;
				INFOPLIST_KEY_UILaunchScreen_Generation = YES;
				INFOPLIST_KEY_UISupportedInterfaceOrientations_iPad = "UIInterfaceOrientationPortrait UIInterfaceOrientationPortraitUpsideDown UIInterfaceOrientationLandscapeLeft UIInterfaceOrientationLandscapeRight";
				INFOPLIST_KEY_UISupportedInterfaceOrientations_iPhone = "UIInterfaceOrientationPortrait UIInterfaceOrientationLandscapeLeft UIInterfaceOrientationLandscapeRight";
				LD_RUNPATH_SEARCH_PATHS = (
					"$(inherited)",
					"@executable_path/Frameworks",
				);
				MARKETING_VERSION = 1.0;
				PRODUCT_BUNDLE_IDENTIFIER = it.Fede.templateSpriteKit;
				PRODUCT_NAME = "$(TARGET_NAME)";
				SWIFT_EMIT_LOC_STRINGS = YES;
				SWIFT_VERSION = 5.0;
				TARGETED_DEVICE_FAMILY = "1,2";
			};
			name = Release;
		};
/* End XCBuildConfiguration section */

/* Begin XCConfigurationList section */
		7A1920202C2B9134005C7709 /* Build configuration list for PBXProject "SpriteKit Exercises" */ = {
			isa = XCConfigurationList;
			buildConfigurations = (
				7A1920312C2B9135005C7709 /* Debug */,
				7A1920322C2B9135005C7709 /* Release */,
			);
			defaultConfigurationIsVisible = 0;
			defaultConfigurationName = Release;
		};
		7A1920332C2B9135005C7709 /* Build configuration list for PBXNativeTarget "SpriteKit Exercises" */ = {
			isa = XCConfigurationList;
			buildConfigurations = (
				7A1920342C2B9135005C7709 /* Debug */,
				7A1920352C2B9135005C7709 /* Release */,
			);
			defaultConfigurationIsVisible = 0;
			defaultConfigurationName = Release;
		};
/* End XCConfigurationList section */
	};
	rootObject = 7A19201D2C2B9134005C7709 /* Project object */;
}
