// !$*UTF8*$!
{
	archiveVersion = 1;
	classes = {
	};
	objectVersion = 56;
	objects = {

/* Begin PBXBuildFile section */
		7A1920052C2B8FC5005C7709 /* SwiftUI_ExercisesApp.swift in Sources */ = {isa = PBXBuildFile; fileRef = 7A1920042C2B8FC5005C7709 /* SwiftUI_ExercisesApp.swift */; };
		7A1920072C2B8FC5005C7709 /* ContentView.swift in Sources */ = {isa = PBXBuildFile; fileRef = 7A1920062C2B8FC5005C7709 /* ContentView.swift */; };
		7A1920092C2B8FC6005C7709 /* Assets.xcassets in Resources */ = {isa = PBXBuildFile; fileRef = 7A1920082C2B8FC6005C7709 /* Assets.xcassets */; };
		7A19200C2C2B8FC6005C7709 /* Preview Assets.xcassets in Resources */ = {isa = PBXBuildFile; fileRef = 7A19200B2C2B8FC6005C7709 /* Preview Assets.xcassets */; };
		7A1920132C2B9023005C7709 /* Challenge1.swift in Sources */ = {isa = PBXBuildFile; fileRef = 7A1920122C2B9023005C7709 /* Challenge1.swift */; };
		7A1920152C2B903F005C7709 /* Challenge2.swift in Sources */ = {isa = PBXBuildFile; fileRef = 7A1920142C2B903F005C7709 /* Challenge2.swift */; };
		7A1920172C2B9064005C7709 /* Challenge3.swift in Sources */ = {isa = PBXBuildFile; fileRef = 7A1920162C2B9064005C7709 /* Challenge3.swift */; };
		7A1920192C2B9082005C7709 /* Pokedex.swift in Sources */ = {isa = PBXBuildFile; fileRef = 7A1920182C2B9082005C7709 /* Pokedex.swift */; };
		7A19201B2C2B90A5005C7709 /* pokemonInfo.json in Resources */ = {isa = PBXBuildFile; fileRef = 7A19201A2C2B90A5005C7709 /* pokemonInfo.json */; };
		7A3326642C2E9D2900FA7160 /* PokemonList.swift in Sources */ = {isa = PBXBuildFile; fileRef = 7A3326632C2E9D2900FA7160 /* PokemonList.swift */; };
		7A3326662C2E9FE500FA7160 /* PokemonDetails.swift in Sources */ = {isa = PBXBuildFile; fileRef = 7A3326652C2E9FE500FA7160 /* PokemonDetails.swift */; };
		7A3326682C2EB7CB00FA7160 /* PokedexApp.swift in Sources */ = {isa = PBXBuildFile; fileRef = 7A3326672C2EB7CB00FA7160 /* PokedexApp.swift */; };
		7A3326842C2EBF4700FA7160 /* FavoriteButton.swift in Sources */ = {isa = PBXBuildFile; fileRef = 7A3326832C2EBF4700FA7160 /* FavoriteButton.swift */; };
		7A3326862C2EC58A00FA7160 /* CatchButton.swift in Sources */ = {isa = PBXBuildFile; fileRef = 7A3326852C2EC58A00FA7160 /* CatchButton.swift */; };
		7ABC03B72C2D6E1F00FAD103 /* ImagePreview.swift in Sources */ = {isa = PBXBuildFile; fileRef = 7ABC03B62C2D6E1F00FAD103 /* ImagePreview.swift */; };
		7ABC03B92C2D706600FAD103 /* Decoration.swift in Sources */ = {isa = PBXBuildFile; fileRef = 7ABC03B82C2D706600FAD103 /* Decoration.swift */; };
		7ABC03BB2C2D769A00FAD103 /* Pokemon.swift in Sources */ = {isa = PBXBuildFile; fileRef = 7ABC03BA2C2D769A00FAD103 /* Pokemon.swift */; };
		7ABC03BD2C2D789400FAD103 /* ModelData.swift in Sources */ = {isa = PBXBuildFile; fileRef = 7ABC03BC2C2D789400FAD103 /* ModelData.swift */; };
		7ABC03C22C2D7B5500FAD103 /* PokemonRow.swift in Sources */ = {isa = PBXBuildFile; fileRef = 7ABC03C12C2D7B5500FAD103 /* PokemonRow.swift */; };
/* End PBXBuildFile section */

/* Begin PBXFileReference section */
		7A1920012C2B8FC5005C7709 /* SwiftUI Exercises.app */ = {isa = PBXFileReference; explicitFileType = wrapper.application; includeInIndex = 0; path = "SwiftUI Exercises.app"; sourceTree = BUILT_PRODUCTS_DIR; };
		7A1920042C2B8FC5005C7709 /* SwiftUI_ExercisesApp.swift */ = {isa = PBXFileReference; lastKnownFileType = sourcecode.swift; path = SwiftUI_ExercisesApp.swift; sourceTree = "<group>"; };
		7A1920062C2B8FC5005C7709 /* ContentView.swift */ = {isa = PBXFileReference; lastKnownFileType = sourcecode.swift; path = ContentView.swift; sourceTree = "<group>"; };
		7A1920082C2B8FC6005C7709 /* Assets.xcassets */ = {isa = PBXFileReference; lastKnownFileType = folder.assetcatalog; path = Assets.xcassets; sourceTree = "<group>"; };
		7A19200B2C2B8FC6005C7709 /* Preview Assets.xcassets */ = {isa = PBXFileReference; lastKnownFileType = folder.assetcatalog; path = "Preview Assets.xcassets"; sourceTree = "<group>"; };
		7A1920122C2B9023005C7709 /* Challenge1.swift */ = {isa = PBXFileReference; lastKnownFileType = sourcecode.swift; path = Challenge1.swift; sourceTree = "<group>"; };
		7A1920142C2B903F005C7709 /* Challenge2.swift */ = {isa = PBXFileReference; lastKnownFileType = sourcecode.swift; path = Challenge2.swift; sourceTree = "<group>"; };
		7A1920162C2B9064005C7709 /* Challenge3.swift */ = {isa = PBXFileReference; lastKnownFileType = sourcecode.swift; path = Challenge3.swift; sourceTree = "<group>"; };
		7A1920182C2B9082005C7709 /* Pokedex.swift */ = {isa = PBXFileReference; lastKnownFileType = sourcecode.swift; path = Pokedex.swift; sourceTree = "<group>"; };
		7A19201A2C2B90A5005C7709 /* pokemonInfo.json */ = {isa = PBXFileReference; lastKnownFileType = text.json; path = pokemonInfo.json; sourceTree = "<group>"; };
		7A3326632C2E9D2900FA7160 /* PokemonList.swift */ = {isa = PBXFileReference; lastKnownFileType = sourcecode.swift; path = PokemonList.swift; sourceTree = "<group>"; };
		7A3326652C2E9FE500FA7160 /* PokemonDetails.swift */ = {isa = PBXFileReference; lastKnownFileType = sourcecode.swift; path = PokemonDetails.swift; sourceTree = "<group>"; };
		7A3326672C2EB7CB00FA7160 /* PokedexApp.swift */ = {isa = PBXFileReference; lastKnownFileType = sourcecode.swift; path = PokedexApp.swift; sourceTree = "<group>"; };
		7A3326832C2EBF4700FA7160 /* FavoriteButton.swift */ = {isa = PBXFileReference; lastKnownFileType = sourcecode.swift; path = FavoriteButton.swift; sourceTree = "<group>"; };
		7A3326852C2EC58A00FA7160 /* CatchButton.swift */ = {isa = PBXFileReference; lastKnownFileType = sourcecode.swift; path = CatchButton.swift; sourceTree = "<group>"; };
		7ABC03B62C2D6E1F00FAD103 /* ImagePreview.swift */ = {isa = PBXFileReference; lastKnownFileType = sourcecode.swift; path = ImagePreview.swift; sourceTree = "<group>"; };
		7ABC03B82C2D706600FAD103 /* Decoration.swift */ = {isa = PBXFileReference; lastKnownFileType = sourcecode.swift; path = Decoration.swift; sourceTree = "<group>"; };
		7ABC03BA2C2D769A00FAD103 /* Pokemon.swift */ = {isa = PBXFileReference; lastKnownFileType = sourcecode.swift; path = Pokemon.swift; sourceTree = "<group>"; };
		7ABC03BC2C2D789400FAD103 /* ModelData.swift */ = {isa = PBXFileReference; lastKnownFileType = sourcecode.swift; path = ModelData.swift; sourceTree = "<group>"; };
		7ABC03C12C2D7B5500FAD103 /* PokemonRow.swift */ = {isa = PBXFileReference; lastKnownFileType = sourcecode.swift; path = PokemonRow.swift; sourceTree = "<group>"; };
/* End PBXFileReference section */

/* Begin PBXFrameworksBuildPhase section */
		7A191FFE2C2B8FC5005C7709 /* Frameworks */ = {
			isa = PBXFrameworksBuildPhase;
			buildActionMask = 2147483647;
			files = (
			);
			runOnlyForDeploymentPostprocessing = 0;
		};
/* End PBXFrameworksBuildPhase section */

/* Begin PBXGroup section */
		7A191FF82C2B8FC5005C7709 = {
			isa = PBXGroup;
			children = (
				7A1920032C2B8FC5005C7709 /* SwiftUI Exercises */,
				7A1920022C2B8FC5005C7709 /* Products */,
			);
			sourceTree = "<group>";
		};
		7A1920022C2B8FC5005C7709 /* Products */ = {
			isa = PBXGroup;
			children = (
				7A1920012C2B8FC5005C7709 /* SwiftUI Exercises.app */,
			);
			name = Products;
			sourceTree = "<group>";
		};
		7A1920032C2B8FC5005C7709 /* SwiftUI Exercises */ = {
			isa = PBXGroup;
			children = (
				7A1920042C2B8FC5005C7709 /* SwiftUI_ExercisesApp.swift */,
				7A1920062C2B8FC5005C7709 /* ContentView.swift */,
				7A1920122C2B9023005C7709 /* Challenge1.swift */,
				7A1920142C2B903F005C7709 /* Challenge2.swift */,
				7A1920162C2B9064005C7709 /* Challenge3.swift */,
				7A3326672C2EB7CB00FA7160 /* PokedexApp.swift */,
				7ABC03BF2C2D7AD100FAD103 /* Pokedex */,
				7ABC03BE2C2D7AB200FAD103 /* Model */,
				7ABC03C02C2D7B0800FAD103 /* Views */,
				7A1920082C2B8FC6005C7709 /* Assets.xcassets */,
				7A19200A2C2B8FC6005C7709 /* Preview Content */,
			);
			path = "SwiftUI Exercises";
			sourceTree = "<group>";
		};
		7A19200A2C2B8FC6005C7709 /* Preview Content */ = {
			isa = PBXGroup;
			children = (
				7A19200B2C2B8FC6005C7709 /* Preview Assets.xcassets */,
			);
			path = "Preview Content";
			sourceTree = "<group>";
		};
		7ABC03BE2C2D7AB200FAD103 /* Model */ = {
			isa = PBXGroup;
			children = (
				7ABC03BA2C2D769A00FAD103 /* Pokemon.swift */,
				7ABC03BC2C2D789400FAD103 /* ModelData.swift */,
				7A19201A2C2B90A5005C7709 /* pokemonInfo.json */,
			);
			path = Model;
			sourceTree = "<group>";
		};
		7ABC03BF2C2D7AD100FAD103 /* Pokedex */ = {
			isa = PBXGroup;
			children = (
				7A1920182C2B9082005C7709 /* Pokedex.swift */,
			);
			path = Pokedex;
			sourceTree = "<group>";
		};
		7ABC03C02C2D7B0800FAD103 /* Views */ = {
			isa = PBXGroup;
			children = (
				7ABC03B62C2D6E1F00FAD103 /* ImagePreview.swift */,
				7ABC03B82C2D706600FAD103 /* Decoration.swift */,
				7ABC03C12C2D7B5500FAD103 /* PokemonRow.swift */,
				7A3326632C2E9D2900FA7160 /* PokemonList.swift */,
				7A3326652C2E9FE500FA7160 /* PokemonDetails.swift */,
				7A3326832C2EBF4700FA7160 /* FavoriteButton.swift */,
				7A3326852C2EC58A00FA7160 /* CatchButton.swift */,
			);
			path = Views;
			sourceTree = "<group>";
		};
/* End PBXGroup section */

/* Begin PBXNativeTarget section */
		7A1920002C2B8FC5005C7709 /* SwiftUI Exercises */ = {
			isa = PBXNativeTarget;
			buildConfigurationList = 7A19200F2C2B8FC6005C7709 /* Build configuration list for PBXNativeTarget "SwiftUI Exercises" */;
			buildPhases = (
				7A191FFD2C2B8FC5005C7709 /* Sources */,
				7A191FFE2C2B8FC5005C7709 /* Frameworks */,
				7A191FFF2C2B8FC5005C7709 /* Resources */,
			);
			buildRules = (
			);
			dependencies = (
			);
			name = "SwiftUI Exercises";
			productName = "SwiftUI Exercises";
			productReference = 7A1920012C2B8FC5005C7709 /* SwiftUI Exercises.app */;
			productType = "com.apple.product-type.application";
		};
/* End PBXNativeTarget section */

/* Begin PBXProject section */
		7A191FF92C2B8FC5005C7709 /* Project object */ = {
			isa = PBXProject;
			attributes = {
				BuildIndependentTargetsInParallel = 1;
				LastSwiftUpdateCheck = 1540;
				LastUpgradeCheck = 1540;
				TargetAttributes = {
					7A1920002C2B8FC5005C7709 = {
						CreatedOnToolsVersion = 15.4;
					};
				};
			};
			buildConfigurationList = 7A191FFC2C2B8FC5005C7709 /* Build configuration list for PBXProject "SwiftUI Exercises" */;
			compatibilityVersion = "Xcode 14.0";
			developmentRegion = en;
			hasScannedForEncodings = 0;
			knownRegions = (
				en,
				Base,
			);
			mainGroup = 7A191FF82C2B8FC5005C7709;
			productRefGroup = 7A1920022C2B8FC5005C7709 /* Products */;
			projectDirPath = "";
			projectRoot = "";
			targets = (
				7A1920002C2B8FC5005C7709 /* SwiftUI Exercises */,
			);
		};
/* End PBXProject section */

/* Begin PBXResourcesBuildPhase section */
		7A191FFF2C2B8FC5005C7709 /* Resources */ = {
			isa = PBXResourcesBuildPhase;
			buildActionMask = 2147483647;
			files = (
				7A19200C2C2B8FC6005C7709 /* Preview Assets.xcassets in Resources */,
				7A19201B2C2B90A5005C7709 /* pokemonInfo.json in Resources */,
				7A1920092C2B8FC6005C7709 /* Assets.xcassets in Resources */,
			);
			runOnlyForDeploymentPostprocessing = 0;
		};
/* End PBXResourcesBuildPhase section */

/* Begin PBXSourcesBuildPhase section */
		7A191FFD2C2B8FC5005C7709 /* Sources */ = {
			isa = PBXSourcesBuildPhase;
			buildActionMask = 2147483647;
			files = (
				7A3326842C2EBF4700FA7160 /* FavoriteButton.swift in Sources */,
				7A3326682C2EB7CB00FA7160 /* PokedexApp.swift in Sources */,
				7ABC03BB2C2D769A00FAD103 /* Pokemon.swift in Sources */,
				7A1920192C2B9082005C7709 /* Pokedex.swift in Sources */,
				7A1920152C2B903F005C7709 /* Challenge2.swift in Sources */,
				7A1920132C2B9023005C7709 /* Challenge1.swift in Sources */,
				7ABC03B72C2D6E1F00FAD103 /* ImagePreview.swift in Sources */,
				7A3326642C2E9D2900FA7160 /* PokemonList.swift in Sources */,
				7A1920072C2B8FC5005C7709 /* ContentView.swift in Sources */,
				7A1920172C2B9064005C7709 /* Challenge3.swift in Sources */,
				7ABC03BD2C2D789400FAD103 /* ModelData.swift in Sources */,
				7A3326862C2EC58A00FA7160 /* CatchButton.swift in Sources */,
				7A1920052C2B8FC5005C7709 /* SwiftUI_ExercisesApp.swift in Sources */,
				7ABC03C22C2D7B5500FAD103 /* PokemonRow.swift in Sources */,
				7ABC03B92C2D706600FAD103 /* Decoration.swift in Sources */,
				7A3326662C2E9FE500FA7160 /* PokemonDetails.swift in Sources */,
			);
			runOnlyForDeploymentPostprocessing = 0;
		};
/* End PBXSourcesBuildPhase section */

/* Begin XCBuildConfiguration section */
		7A19200D2C2B8FC6005C7709 /* Debug */ = {
			isa = XCBuildConfiguration;
			buildSettings = {
				ALWAYS_SEARCH_USER_PATHS = NO;
				ASSETCATALOG_COMPILER_GENERATE_SWIFT_ASSET_SYMBOL_EXTENSIONS = YES;
				CLANG_ANALYZER_NONNULL = YES;
				CLANG_ANALYZER_NUMBER_OBJECT_CONVERSION = YES_AGGRESSIVE;
				CLANG_CXX_LANGUAGE_STANDARD = "gnu++20";
				CLANG_ENABLE_MODULES = YES;
				CLANG_ENABLE_OBJC_ARC = YES;
				CLANG_ENABLE_OBJC_WEAK = YES;
				CLANG_WARN_BLOCK_CAPTURE_AUTORELEASING = YES;
				CLANG_WARN_BOOL_CONVERSION = YES;
				CLANG_WARN_COMMA = YES;
				CLANG_WARN_CONSTANT_CONVERSION = YES;
				CLANG_WARN_DEPRECATED_OBJC_IMPLEMENTATIONS = YES;
				CLANG_WARN_DIRECT_OBJC_ISA_USAGE = YES_ERROR;
				CLANG_WARN_DOCUMENTATION_COMMENTS = YES;
				CLANG_WARN_EMPTY_BODY = YES;
				CLANG_WARN_ENUM_CONVERSION = YES;
				CLANG_WARN_INFINITE_RECURSION = YES;
				CLANG_WARN_INT_CONVERSION = YES;
				CLANG_WARN_NON_LITERAL_NULL_CONVERSION = YES;
				CLANG_WARN_OBJC_IMPLICIT_RETAIN_SELF = YES;
				CLANG_WARN_OBJC_LITERAL_CONVERSION = YES;
				CLANG_WARN_OBJC_ROOT_CLASS = YES_ERROR;
				CLANG_WARN_QUOTED_INCLUDE_IN_FRAMEWORK_HEADER = YES;
				CLANG_WARN_RANGE_LOOP_ANALYSIS = YES;
				CLANG_WARN_STRICT_PROTOTYPES = YES;
				CLANG_WARN_SUSPICIOUS_MOVE = YES;
				CLANG_WARN_UNGUARDED_AVAILABILITY = YES_AGGRESSIVE;
				CLANG_WARN_UNREACHABLE_CODE = YES;
				CLANG_WARN__DUPLICATE_METHOD_MATCH = YES;
				COPY_PHASE_STRIP = NO;
				DEBUG_INFORMATION_FORMAT = dwarf;
				ENABLE_STRICT_OBJC_MSGSEND = YES;
				ENABLE_TESTABILITY = YES;
				ENABLE_USER_SCRIPT_SANDBOXING = YES;
				GCC_C_LANGUAGE_STANDARD = gnu17;
				GCC_DYNAMIC_NO_PIC = NO;
				GCC_NO_COMMON_BLOCKS = YES;
				GCC_OPTIMIZATION_LEVEL = 0;
				GCC_PREPROCESSOR_DEFINITIONS = (
					"DEBUG=1",
					"$(inherited)",
				);
				GCC_WARN_64_TO_32_BIT_CONVERSION = YES;
				GCC_WARN_ABOUT_RETURN_TYPE = YES_ERROR;
				GCC_WARN_UNDECLARED_SELECTOR = YES;
				GCC_WARN_UNINITIALIZED_AUTOS = YES_AGGRESSIVE;
				GCC_WARN_UNUSED_FUNCTION = YES;
				GCC_WARN_UNUSED_VARIABLE = YES;
				IPHONEOS_DEPLOYMENT_TARGET = 17.5;
				LOCALIZATION_PREFERS_STRING_CATALOGS = YES;
				MTL_ENABLE_DEBUG_INFO = INCLUDE_SOURCE;
				MTL_FAST_MATH = YES;
				ONLY_ACTIVE_ARCH = YES;
				SDKROOT = iphoneos;
				SWIFT_ACTIVE_COMPILATION_CONDITIONS = "DEBUG $(inherited)";
				SWIFT_OPTIMIZATION_LEVEL = "-Onone";
			};
			name = Debug;
		};
		7A19200E2C2B8FC6005C7709 /* Release */ = {
			isa = XCBuildConfiguration;
			buildSettings = {
				ALWAYS_SEARCH_USER_PATHS = NO;
				ASSETCATALOG_COMPILER_GENERATE_SWIFT_ASSET_SYMBOL_EXTENSIONS = YES;
				CLANG_ANALYZER_NONNULL = YES;
				CLANG_ANALYZER_NUMBER_OBJECT_CONVERSION = YES_AGGRESSIVE;
				CLANG_CXX_LANGUAGE_STANDARD = "gnu++20";
				CLANG_ENABLE_MODULES = YES;
				CLANG_ENABLE_OBJC_ARC = YES;
				CLANG_ENABLE_OBJC_WEAK = YES;
				CLANG_WARN_BLOCK_CAPTURE_AUTORELEASING = YES;
				CLANG_WARN_BOOL_CONVERSION = YES;
				CLANG_WARN_COMMA = YES;
				CLANG_WARN_CONSTANT_CONVERSION = YES;
				CLANG_WARN_DEPRECATED_OBJC_IMPLEMENTATIONS = YES;
				CLANG_WARN_DIRECT_OBJC_ISA_USAGE = YES_ERROR;
				CLANG_WARN_DOCUMENTATION_COMMENTS = YES;
				CLANG_WARN_EMPTY_BODY = YES;
				CLANG_WARN_ENUM_CONVERSION = YES;
				CLANG_WARN_INFINITE_RECURSION = YES;
				CLANG_WARN_INT_CONVERSION = YES;
				CLANG_WARN_NON_LITERAL_NULL_CONVERSION = YES;
				CLANG_WARN_OBJC_IMPLICIT_RETAIN_SELF = YES;
				CLANG_WARN_OBJC_LITERAL_CONVERSION = YES;
				CLANG_WARN_OBJC_ROOT_CLASS = YES_ERROR;
				CLANG_WARN_QUOTED_INCLUDE_IN_FRAMEWORK_HEADER = YES;
				CLANG_WARN_RANGE_LOOP_ANALYSIS = YES;
				CLANG_WARN_STRICT_PROTOTYPES = YES;
				CLANG_WARN_SUSPICIOUS_MOVE = YES;
				CLANG_WARN_UNGUARDED_AVAILABILITY = YES_AGGRESSIVE;
				CLANG_WARN_UNREACHABLE_CODE = YES;
				CLANG_WARN__DUPLICATE_METHOD_MATCH = YES;
				COPY_PHASE_STRIP = NO;
				DEBUG_INFORMATION_FORMAT = "dwarf-with-dsym";
				ENABLE_NS_ASSERTIONS = NO;
				ENABLE_STRICT_OBJC_MSGSEND = YES;
				ENABLE_USER_SCRIPT_SANDBOXING = YES;
				GCC_C_LANGUAGE_STANDARD = gnu17;
				GCC_NO_COMMON_BLOCKS = YES;
				GCC_WARN_64_TO_32_BIT_CONVERSION = YES;
				GCC_WARN_ABOUT_RETURN_TYPE = YES_ERROR;
				GCC_WARN_UNDECLARED_SELECTOR = YES;
				GCC_WARN_UNINITIALIZED_AUTOS = YES_AGGRESSIVE;
				GCC_WARN_UNUSED_FUNCTION = YES;
				GCC_WARN_UNUSED_VARIABLE = YES;
				IPHONEOS_DEPLOYMENT_TARGET = 17.5;
				LOCALIZATION_PREFERS_STRING_CATALOGS = YES;
				MTL_ENABLE_DEBUG_INFO = NO;
				MTL_FAST_MATH = YES;
				SDKROOT = iphoneos;
				SWIFT_COMPILATION_MODE = wholemodule;
				VALIDATE_PRODUCT = YES;
			};
			name = Release;
		};
		7A1920102C2B8FC6005C7709 /* Debug */ = {
			isa = XCBuildConfiguration;
			buildSettings = {
				ASSETCATALOG_COMPILER_APPICON_NAME = AppIcon;
				ASSETCATALOG_COMPILER_GLOBAL_ACCENT_COLOR_NAME = AccentColor;
				CODE_SIGN_STYLE = Automatic;
				CURRENT_PROJECT_VERSION = 1;
				DEVELOPMENT_ASSET_PATHS = "\"SwiftUI Exercises/Preview Content\"";
				ENABLE_PREVIEWS = YES;
				GENERATE_INFOPLIST_FILE = YES;
				INFOPLIST_KEY_UIApplicationSceneManifest_Generation = YES;
				INFOPLIST_KEY_UIApplicationSupportsIndirectInputEvents = YES;
				INFOPLIST_KEY_UILaunchScreen_Generation = YES;
				INFOPLIST_KEY_UISupportedInterfaceOrientations_iPad = "UIInterfaceOrientationPortrait UIInterfaceOrientationPortraitUpsideDown UIInterfaceOrientationLandscapeLeft UIInterfaceOrientationLandscapeRight";
				INFOPLIST_KEY_UISupportedInterfaceOrientations_iPhone = "UIInterfaceOrientationPortrait UIInterfaceOrientationLandscapeLeft UIInterfaceOrientationLandscapeRight";
				LD_RUNPATH_SEARCH_PATHS = (
					"$(inherited)",
					"@executable_path/Frameworks",
				);
				MARKETING_VERSION = 1.0;
				PRODUCT_BUNDLE_IDENTIFIER = "Fede.SwiftUI-Exercises";
				PRODUCT_NAME = "$(TARGET_NAME)";
				SWIFT_EMIT_LOC_STRINGS = YES;
				SWIFT_VERSION = 5.0;
				TARGETED_DEVICE_FAMILY = "1,2";
			};
			name = Debug;
		};
		7A1920112C2B8FC6005C7709 /* Release */ = {
			isa = XCBuildConfiguration;
			buildSettings = {
				ASSETCATALOG_COMPILER_APPICON_NAME = AppIcon;
				ASSETCATALOG_COMPILER_GLOBAL_ACCENT_COLOR_NAME = AccentColor;
				CODE_SIGN_STYLE = Automatic;
				CURRENT_PROJECT_VERSION = 1;
				DEVELOPMENT_ASSET_PATHS = "\"SwiftUI Exercises/Preview Content\"";
				ENABLE_PREVIEWS = YES;
				GENERATE_INFOPLIST_FILE = YES;
				INFOPLIST_KEY_UIApplicationSceneManifest_Generation = YES;
				INFOPLIST_KEY_UIApplicationSupportsIndirectInputEvents = YES;
				INFOPLIST_KEY_UILaunchScreen_Generation = YES;
				INFOPLIST_KEY_UISupportedInterfaceOrientations_iPad = "UIInterfaceOrientationPortrait UIInterfaceOrientationPortraitUpsideDown UIInterfaceOrientationLandscapeLeft UIInterfaceOrientationLandscapeRight";
				INFOPLIST_KEY_UISupportedInterfaceOrientations_iPhone = "UIInterfaceOrientationPortrait UIInterfaceOrientationLandscapeLeft UIInterfaceOrientationLandscapeRight";
				LD_RUNPATH_SEARCH_PATHS = (
					"$(inherited)",
					"@executable_path/Frameworks",
				);
				MARKETING_VERSION = 1.0;
				PRODUCT_BUNDLE_IDENTIFIER = "Fede.SwiftUI-Exercises";
				PRODUCT_NAME = "$(TARGET_NAME)";
				SWIFT_EMIT_LOC_STRINGS = YES;
				SWIFT_VERSION = 5.0;
				TARGETED_DEVICE_FAMILY = "1,2";
			};
			name = Release;
		};
/* End XCBuildConfiguration section */

/* Begin XCConfigurationList section */
		7A191FFC2C2B8FC5005C7709 /* Build configuration list for PBXProject "SwiftUI Exercises" */ = {
			isa = XCConfigurationList;
			buildConfigurations = (
				7A19200D2C2B8FC6005C7709 /* Debug */,
				7A19200E2C2B8FC6005C7709 /* Release */,
			);
			defaultConfigurationIsVisible = 0;
			defaultConfigurationName = Release;
		};
		7A19200F2C2B8FC6005C7709 /* Build configuration list for PBXNativeTarget "SwiftUI Exercises" */ = {
			isa = XCConfigurationList;
			buildConfigurations = (
				7A1920102C2B8FC6005C7709 /* Debug */,
				7A1920112C2B8FC6005C7709 /* Release */,
			);
			defaultConfigurationIsVisible = 0;
			defaultConfigurationName = Release;
		};
/* End XCConfigurationList section */
	};
	rootObject = 7A191FF92C2B8FC5005C7709 /* Project object */;
}
